
Microsoft Visual Studio Solution File, Format Version 12.00
# Visual Studio Version 17
VisualStudioVersion = 17.4.33403.182
MinimumVisualStudioVersion = 10.0.40219.1
Project("{FAE04EC0-301F-11D3-BF4B-00C04F79EFBC}") = "BobDash", "BobDash\BobDash.csproj", "{D51F692D-1544-45FB-9B73-A5C9760B3148}"
EndProject
Global
	GlobalSection(SolutionConfigurationPlatforms) = preSolution
		AutoSelectOnly|Any CPU = AutoSelectOnly|Any CPU
		Debug|Any CPU = Debug|Any CPU
		Release|Any CPU = Release|Any CPU
	EndGlobalSection
	GlobalSection(ProjectConfigurationPlatforms) = postSolution
		{D51F692D-1544-45FB-9B73-A5C9760B3148}.AutoSelectOnly|Any CPU.ActiveCfg = AutoSelectOnly|Any CPU
		{D51F692D-1544-45FB-9B73-A5C9760B3148}.AutoSelectOnly|Any CPU.Build.0 = AutoSelectOnly|Any CPU
		{D51F692D-1544-45FB-9B73-A5C9760B3148}.Debug|Any CPU.ActiveCfg = Debug|Any CPU
		{D51F692D-1544-45FB-9B73-A5C9760B3148}.Debug|Any CPU.Build.0 = Debug|Any CPU
		{D51F692D-1544-45FB-9B73-A5C9760B3148}.Release|Any CPU.ActiveCfg = Release|Any CPU
		{D51F692D-1544-45FB-9B73-A5C9760B3148}.Release|Any CPU.Build.0 = Release|Any CPU
	EndGlobalSection
	GlobalSection(SolutionProperties) = preSolution
		HideSolutionNode = FALSE
	EndGlobalSection
	GlobalSection(ExtensibilityGlobals) = postSolution
		SolutionGuid = {98747E60-265D-46A9-84FB-0C6BACE76AC2}
	EndGlobalSection
EndGlobal
